
Microsoft Visual Studio Solution File, Format Version 12.00
# Visual Studio 15
VisualStudioVersion = 15.0.26124.0
MinimumVisualStudioVersion = 15.0.26124.0
Project("{FAE04EC0-301F-11D3-BF4B-00C04F79EFBC}") = "MyMath", "MyMath\MyMath.csproj", "{5521C3E9-85A6-4DC7-ACE1-4751E6C13941}"
EndProject
Project("{FAE04EC0-301F-11D3-BF4B-00C04F79EFBC}") = "MyMath.Tests", "MyMath.Tests\MyMath.Tests.csproj", "{D80865B6-2D21-4500-82EF-2702B9195E63}"
EndProject
Global
	GlobalSection(SolutionConfigurationPlatforms) = preSolution
		Debug|Any CPU = Debug|Any CPU
		Debug|x64 = Debug|x64
		Debug|x86 = Debug|x86
		Release|Any CPU = Release|Any CPU
		Release|x64 = Release|x64
		Release|x86 = Release|x86
	EndGlobalSection
	GlobalSection(SolutionProperties) = preSolution
		HideSolutionNode = FALSE
	EndGlobalSection
	GlobalSection(ProjectConfigurationPlatforms) = postSolution
		{5521C3E9-85A6-4DC7-ACE1-4751E6C13941}.Debug|Any CPU.ActiveCfg = Debug|Any CPU
		{5521C3E9-85A6-4DC7-ACE1-4751E6C13941}.Debug|Any CPU.Build.0 = Debug|Any CPU
		{5521C3E9-85A6-4DC7-ACE1-4751E6C13941}.Debug|x64.ActiveCfg = Debug|Any CPU
		{5521C3E9-85A6-4DC7-ACE1-4751E6C13941}.Debug|x64.Build.0 = Debug|Any CPU
		{5521C3E9-85A6-4DC7-ACE1-4751E6C13941}.Debug|x86.ActiveCfg = Debug|Any CPU
		{5521C3E9-85A6-4DC7-ACE1-4751E6C13941}.Debug|x86.Build.0 = Debug|Any CPU
		{5521C3E9-85A6-4DC7-ACE1-4751E6C13941}.Release|Any CPU.ActiveCfg = Release|Any CPU
		{5521C3E9-85A6-4DC7-ACE1-4751E6C13941}.Release|Any CPU.Build.0 = Release|Any CPU
		{5521C3E9-85A6-4DC7-ACE1-4751E6C13941}.Release|x64.ActiveCfg = Release|Any CPU
		{5521C3E9-85A6-4DC7-ACE1-4751E6C13941}.Release|x64.Build.0 = Release|Any CPU
		{5521C3E9-85A6-4DC7-ACE1-4751E6C13941}.Release|x86.ActiveCfg = Release|Any CPU
		{5521C3E9-85A6-4DC7-ACE1-4751E6C13941}.Release|x86.Build.0 = Release|Any CPU
		{D80865B6-2D21-4500-82EF-2702B9195E63}.Debug|Any CPU.ActiveCfg = Debug|Any CPU
		{D80865B6-2D21-4500-82EF-2702B9195E63}.Debug|Any CPU.Build.0 = Debug|Any CPU
		{D80865B6-2D21-4500-82EF-2702B9195E63}.Debug|x64.ActiveCfg = Debug|Any CPU
		{D80865B6-2D21-4500-82EF-2702B9195E63}.Debug|x64.Build.0 = Debug|Any CPU
		{D80865B6-2D21-4500-82EF-2702B9195E63}.Debug|x86.ActiveCfg = Debug|Any CPU
		{D80865B6-2D21-4500-82EF-2702B9195E63}.Debug|x86.Build.0 = Debug|Any CPU
		{D80865B6-2D21-4500-82EF-2702B9195E63}.Release|Any CPU.ActiveCfg = Release|Any CPU
		{D80865B6-2D21-4500-82EF-2702B9195E63}.Release|Any CPU.Build.0 = Release|Any CPU
		{D80865B6-2D21-4500-82EF-2702B9195E63}.Release|x64.ActiveCfg = Release|Any CPU
		{D80865B6-2D21-4500-82EF-2702B9195E63}.Release|x64.Build.0 = Release|Any CPU
		{D80865B6-2D21-4500-82EF-2702B9195E63}.Release|x86.ActiveCfg = Release|Any CPU
		{D80865B6-2D21-4500-82EF-2702B9195E63}.Release|x86.Build.0 = Release|Any CPU
	EndGlobalSection
EndGlobal
